schema: '2.0'
stages:
  ingest:
    cmd: python -m data_ingestion.ingest
    deps:
    - path: data_ingestion/ingest.py
      hash: md5
      md5: e27145e64644d63b1f58b09ae1c60e8c
      size: 1650
    outs:
    - path: data/processed
      hash: md5
      md5: 14e69f9ea4965f917e48d390aa3a0c27.dir
      size: 7610275
      nfiles: 2
  transform:
    cmd: python -m data_cleaning.clean_data
    deps:
    - path: data/processed/netflix.parquet
      hash: md5
      md5: 688a54ee30931d797867b6a7c4f9b5a1
      size: 1116808
    - path: data/processed/rotten_tomatoes_summary.parquet
      hash: md5
      md5: 01149ece035f86a70b0453243ae2a5ae
      size: 6493467
    - path: data_cleaning/clean_data.py
      hash: md5
      md5: cbaf039728077a5a2e6e4e92001ba38f
      size: 5610
    - path: data_validation/validate_schema.py
      hash: md5
      md5: 5a8e6a04fdfec7a2428f349a3c682dea
      size: 2002
    outs:
    - path: data/transformed/t_netflix.parquet
      hash: md5
      md5: a773615093043d04c96cb530fb4658ce
      size: 1955837
    - path: data/transformed/t_rotten_tomatoes_summary.parquet
      hash: md5
      md5: daa1a9905f858bf564ecf218e6a4d58d
      size: 6061659
  validate:
    cmd: python data_validation/validate_schema.py
    deps:
    - path: data/transformed/t_netflix.parquet
      hash: md5
      md5: a773615093043d04c96cb530fb4658ce
      size: 1955837
    - path: data/transformed/t_rotten_tomatoes_review.parquet
      hash: md5
      md5: 004c4ad1122186eaddfefbe3c116e9fd
      size: 1849367
    - path: data/transformed/t_rotten_tomatoes_summary.parquet
      hash: md5
      md5: 1c949974ff68d17d08f9f900ec8fa1bd
      size: 10749213
    - path: data_validation/validate_schema.py
      hash: md5
      md5: 6c4e39cc517f9ead35910a71397bc0ae
      size: 2067
  model unify:
    cmd: python -m data_modeling.build_modeling_dataset
    deps:
    - path: data/transformed/t_netflix.parquet
      hash: md5
      md5: a773615093043d04c96cb530fb4658ce
      size: 1955837
    - path: data/transformed/t_rotten_tomatoes_summary.parquet
      hash: md5
      md5: daa1a9905f858bf564ecf218e6a4d58d
      size: 6061659
    - path: data_modeling/build_modeling_dataset.py
      hash: md5
      md5: 639b362a99cf992fbf454d584512b11c
      size: 2568
    outs:
    - path: data/modeling/movie_features.parquet
      hash: md5
      md5: 112b516164140c162f55b3778287d1c5
      size: 1448156
  model transform:
    cmd: python -m data_cleaning.clean_model
    deps:
    - path: data/modeling/movie_features.parquet
      hash: md5
      md5: 112b516164140c162f55b3778287d1c5
      size: 1448156
    - path: data_cleaning/clean_model.py
      hash: md5
      md5: cabc11b21575868f5eccd1074dab463f
      size: 1827
    - path: data_validation/validate_schema.py
      hash: md5
      md5: 5a8e6a04fdfec7a2428f349a3c682dea
      size: 2002
    outs:
    - path: data/transformed/t_movie_features.parquet
      hash: md5
      md5: 1447e364dcdec6f5fef2dab2c498e4bf
      size: 1024556
